
Microsoft Visual Studio Solution File, Format Version 12.00
# Visual Studio Version 17
VisualStudioVersion = 17.2.32516.85
MinimumVisualStudioVersion = 10.0.40219.1
Project("{FAE04EC0-301F-11D3-BF4B-00C04F79EFBC}") = "Void Method", "Void Method\Void Method.csproj", "{2933CAD7-3F32-4AC3-A560-E966BB7EFF33}"
EndProject
Global
	GlobalSection(SolutionConfigurationPlatforms) = preSolution
		Debug|Any CPU = Debug|Any CPU
		Release|Any CPU = Release|Any CPU
	EndGlobalSection
	GlobalSection(ProjectConfigurationPlatforms) = postSolution
		{2933CAD7-3F32-4AC3-A560-E966BB7EFF33}.Debug|Any CPU.ActiveCfg = Debug|Any CPU
		{2933CAD7-3F32-4AC3-A560-E966BB7EFF33}.Debug|Any CPU.Build.0 = Debug|Any CPU
		{2933CAD7-3F32-4AC3-A560-E966BB7EFF33}.Release|Any CPU.ActiveCfg = Release|Any CPU
		{2933CAD7-3F32-4AC3-A560-E966BB7EFF33}.Release|Any CPU.Build.0 = Release|Any CPU
	EndGlobalSection
	GlobalSection(SolutionProperties) = preSolution
		HideSolutionNode = FALSE
	EndGlobalSection
	GlobalSection(ExtensibilityGlobals) = postSolution
		SolutionGuid = {2C5A20ED-6570-4B74-B8D2-D94AB2A2F695}
	EndGlobalSection
EndGlobal
