
Microsoft Visual Studio Solution File, Format Version 12.00
# Visual Studio Version 17
VisualStudioVersion = 17.1.32421.90
MinimumVisualStudioVersion = 10.0.40219.1
Project("{FAE04EC0-301F-11D3-BF4B-00C04F79EFBC}") = "Iteration Part 3", "Iteration Part 3\Iteration Part 3.csproj", "{6894B349-E9F2-4D20-A7E9-B3D556DF3C15}"
EndProject
Global
	GlobalSection(SolutionConfigurationPlatforms) = preSolution
		Debug|Any CPU = Debug|Any CPU
		Release|Any CPU = Release|Any CPU
	EndGlobalSection
	GlobalSection(ProjectConfigurationPlatforms) = postSolution
		{6894B349-E9F2-4D20-A7E9-B3D556DF3C15}.Debug|Any CPU.ActiveCfg = Debug|Any CPU
		{6894B349-E9F2-4D20-A7E9-B3D556DF3C15}.Debug|Any CPU.Build.0 = Debug|Any CPU
		{6894B349-E9F2-4D20-A7E9-B3D556DF3C15}.Release|Any CPU.ActiveCfg = Release|Any CPU
		{6894B349-E9F2-4D20-A7E9-B3D556DF3C15}.Release|Any CPU.Build.0 = Release|Any CPU
	EndGlobalSection
	GlobalSection(SolutionProperties) = preSolution
		HideSolutionNode = FALSE
	EndGlobalSection
	GlobalSection(ExtensibilityGlobals) = postSolution
		SolutionGuid = {520C3848-F349-4CDC-9A0E-0D1159A82AAB}
	EndGlobalSection
EndGlobal
