
Microsoft Visual Studio Solution File, Format Version 12.00
# Visual Studio Version 17
VisualStudioVersion = 17.1.32414.318
MinimumVisualStudioVersion = 10.0.40219.1
Project("{FAE04EC0-301F-11D3-BF4B-00C04F79EFBC}") = "Math and Comparision Operators", "Math and Comparision Operators\Math and Comparision Operators.csproj", "{D4C4D9F0-6EF3-44A1-9FCF-D928894C3AB8}"
EndProject
Global
	GlobalSection(SolutionConfigurationPlatforms) = preSolution
		Debug|Any CPU = Debug|Any CPU
		Release|Any CPU = Release|Any CPU
	EndGlobalSection
	GlobalSection(ProjectConfigurationPlatforms) = postSolution
		{D4C4D9F0-6EF3-44A1-9FCF-D928894C3AB8}.Debug|Any CPU.ActiveCfg = Debug|Any CPU
		{D4C4D9F0-6EF3-44A1-9FCF-D928894C3AB8}.Debug|Any CPU.Build.0 = Debug|Any CPU
		{D4C4D9F0-6EF3-44A1-9FCF-D928894C3AB8}.Release|Any CPU.ActiveCfg = Release|Any CPU
		{D4C4D9F0-6EF3-44A1-9FCF-D928894C3AB8}.Release|Any CPU.Build.0 = Release|Any CPU
	EndGlobalSection
	GlobalSection(SolutionProperties) = preSolution
		HideSolutionNode = FALSE
	EndGlobalSection
	GlobalSection(ExtensibilityGlobals) = postSolution
		SolutionGuid = {B6CA90DC-B7DF-40EE-9A1E-ACDA35530BEE}
	EndGlobalSection
EndGlobal
