
Microsoft Visual Studio Solution File, Format Version 12.00
# Visual Studio Version 16
VisualStudioVersion = 16.0.31410.357
MinimumVisualStudioVersion = 10.0.40219.1
Project("{FAE04EC0-301F-11D3-BF4B-00C04F79EFBC}") = "WelcomeScreen.cs", "WelcomeScreen.cs\WelcomeScreen.cs.csproj", "{DB5695BC-96CD-436C-B024-6F71EA1471EA}"
EndProject
Global
	GlobalSection(SolutionConfigurationPlatforms) = preSolution
		Debug|Any CPU = Debug|Any CPU
		Release|Any CPU = Release|Any CPU
	EndGlobalSection
	GlobalSection(ProjectConfigurationPlatforms) = postSolution
		{DB5695BC-96CD-436C-B024-6F71EA1471EA}.Debug|Any CPU.ActiveCfg = Debug|Any CPU
		{DB5695BC-96CD-436C-B024-6F71EA1471EA}.Debug|Any CPU.Build.0 = Debug|Any CPU
		{DB5695BC-96CD-436C-B024-6F71EA1471EA}.Release|Any CPU.ActiveCfg = Release|Any CPU
		{DB5695BC-96CD-436C-B024-6F71EA1471EA}.Release|Any CPU.Build.0 = Release|Any CPU
	EndGlobalSection
	GlobalSection(SolutionProperties) = preSolution
		HideSolutionNode = FALSE
	EndGlobalSection
	GlobalSection(ExtensibilityGlobals) = postSolution
		SolutionGuid = {B1C6A15F-96F7-41CA-A2EF-53ADEC448933}
	EndGlobalSection
EndGlobal
