
Microsoft Visual Studio Solution File, Format Version 12.00
# Visual Studio Version 16
VisualStudioVersion = 16.0.31410.357
MinimumVisualStudioVersion = 10.0.40219.1
Project("{FAE04EC0-301F-11D3-BF4B-00C04F79EFBC}") = "VariablesAndDataTypes", "VariablesAndDataTypes\VariablesAndDataTypes.csproj", "{79BB5BC6-67E9-4AE9-9076-460141626FC2}"
EndProject
Global
	GlobalSection(SolutionConfigurationPlatforms) = preSolution
		Debug|Any CPU = Debug|Any CPU
		Release|Any CPU = Release|Any CPU
	EndGlobalSection
	GlobalSection(ProjectConfigurationPlatforms) = postSolution
		{79BB5BC6-67E9-4AE9-9076-460141626FC2}.Debug|Any CPU.ActiveCfg = Debug|Any CPU
		{79BB5BC6-67E9-4AE9-9076-460141626FC2}.Debug|Any CPU.Build.0 = Debug|Any CPU
		{79BB5BC6-67E9-4AE9-9076-460141626FC2}.Release|Any CPU.ActiveCfg = Release|Any CPU
		{79BB5BC6-67E9-4AE9-9076-460141626FC2}.Release|Any CPU.Build.0 = Release|Any CPU
	EndGlobalSection
	GlobalSection(SolutionProperties) = preSolution
		HideSolutionNode = FALSE
	EndGlobalSection
	GlobalSection(ExtensibilityGlobals) = postSolution
		SolutionGuid = {7994CFCB-781E-46E8-AE8B-D69533973DF5}
	EndGlobalSection
EndGlobal
