
Microsoft Visual Studio Solution File, Format Version 12.00
# Visual Studio Version 16
VisualStudioVersion = 16.0.31410.357
MinimumVisualStudioVersion = 10.0.40219.1
Project("{FAE04EC0-301F-11D3-BF4B-00C04F79EFBC}") = "Loops", "Loops\Loops.csproj", "{464600A5-93DB-4EE8-A4A5-5AF0A1FDA24D}"
EndProject
Global
	GlobalSection(SolutionConfigurationPlatforms) = preSolution
		Debug|Any CPU = Debug|Any CPU
		Release|Any CPU = Release|Any CPU
	EndGlobalSection
	GlobalSection(ProjectConfigurationPlatforms) = postSolution
		{464600A5-93DB-4EE8-A4A5-5AF0A1FDA24D}.Debug|Any CPU.ActiveCfg = Debug|Any CPU
		{464600A5-93DB-4EE8-A4A5-5AF0A1FDA24D}.Debug|Any CPU.Build.0 = Debug|Any CPU
		{464600A5-93DB-4EE8-A4A5-5AF0A1FDA24D}.Release|Any CPU.ActiveCfg = Release|Any CPU
		{464600A5-93DB-4EE8-A4A5-5AF0A1FDA24D}.Release|Any CPU.Build.0 = Release|Any CPU
	EndGlobalSection
	GlobalSection(SolutionProperties) = preSolution
		HideSolutionNode = FALSE
	EndGlobalSection
	GlobalSection(ExtensibilityGlobals) = postSolution
		SolutionGuid = {BD7F0D42-2FB3-4739-9370-6C5847D6050E}
	EndGlobalSection
EndGlobal
