
Microsoft Visual Studio Solution File, Format Version 12.00
# Visual Studio Version 16
VisualStudioVersion = 16.0.31729.503
MinimumVisualStudioVersion = 10.0.40219.1
Project("{FAE04EC0-301F-11D3-BF4B-00C04F79EFBC}") = "Math Operation Functions", "Math Operation Functions\Math Operation Functions.csproj", "{4225277E-42A6-4A13-AF29-91CD9C4AF263}"
EndProject
Global
	GlobalSection(SolutionConfigurationPlatforms) = preSolution
		Debug|Any CPU = Debug|Any CPU
		Release|Any CPU = Release|Any CPU
	EndGlobalSection
	GlobalSection(ProjectConfigurationPlatforms) = postSolution
		{4225277E-42A6-4A13-AF29-91CD9C4AF263}.Debug|Any CPU.ActiveCfg = Debug|Any CPU
		{4225277E-42A6-4A13-AF29-91CD9C4AF263}.Debug|Any CPU.Build.0 = Debug|Any CPU
		{4225277E-42A6-4A13-AF29-91CD9C4AF263}.Release|Any CPU.ActiveCfg = Release|Any CPU
		{4225277E-42A6-4A13-AF29-91CD9C4AF263}.Release|Any CPU.Build.0 = Release|Any CPU
	EndGlobalSection
	GlobalSection(SolutionProperties) = preSolution
		HideSolutionNode = FALSE
	EndGlobalSection
	GlobalSection(ExtensibilityGlobals) = postSolution
		SolutionGuid = {E2523838-55FA-478A-B008-1A56C8013D33}
	EndGlobalSection
EndGlobal
