
Microsoft Visual Studio Solution File, Format Version 12.00
# Visual Studio Version 16
VisualStudioVersion = 16.0.31410.357
MinimumVisualStudioVersion = 10.0.40219.1
Project("{FAE04EC0-301F-11D3-BF4B-00C04F79EFBC}") = "IncomeComparisionProgram", "IncomeComparisionProgram\IncomeComparisionProgram.csproj", "{3DD87645-834B-4587-9FFA-7BB5A3210084}"
EndProject
Global
	GlobalSection(SolutionConfigurationPlatforms) = preSolution
		Debug|Any CPU = Debug|Any CPU
		Release|Any CPU = Release|Any CPU
	EndGlobalSection
	GlobalSection(ProjectConfigurationPlatforms) = postSolution
		{3DD87645-834B-4587-9FFA-7BB5A3210084}.Debug|Any CPU.ActiveCfg = Debug|Any CPU
		{3DD87645-834B-4587-9FFA-7BB5A3210084}.Debug|Any CPU.Build.0 = Debug|Any CPU
		{3DD87645-834B-4587-9FFA-7BB5A3210084}.Release|Any CPU.ActiveCfg = Release|Any CPU
		{3DD87645-834B-4587-9FFA-7BB5A3210084}.Release|Any CPU.Build.0 = Release|Any CPU
	EndGlobalSection
	GlobalSection(SolutionProperties) = preSolution
		HideSolutionNode = FALSE
	EndGlobalSection
	GlobalSection(ExtensibilityGlobals) = postSolution
		SolutionGuid = {6AA09BA1-7C30-401F-97AB-E4E1963A700F}
	EndGlobalSection
EndGlobal
