
Microsoft Visual Studio Solution File, Format Version 12.00
# Visual Studio Version 16
VisualStudioVersion = 16.0.31410.357
MinimumVisualStudioVersion = 10.0.40219.1
Project("{FAE04EC0-301F-11D3-BF4B-00C04F79EFBC}") = "Braching Application", "Braching Application\Braching Application.csproj", "{DF0DEF90-5C73-4C71-8BA6-C78C3150F4F6}"
EndProject
Global
	GlobalSection(SolutionConfigurationPlatforms) = preSolution
		Debug|Any CPU = Debug|Any CPU
		Release|Any CPU = Release|Any CPU
	EndGlobalSection
	GlobalSection(ProjectConfigurationPlatforms) = postSolution
		{DF0DEF90-5C73-4C71-8BA6-C78C3150F4F6}.Debug|Any CPU.ActiveCfg = Debug|Any CPU
		{DF0DEF90-5C73-4C71-8BA6-C78C3150F4F6}.Debug|Any CPU.Build.0 = Debug|Any CPU
		{DF0DEF90-5C73-4C71-8BA6-C78C3150F4F6}.Release|Any CPU.ActiveCfg = Release|Any CPU
		{DF0DEF90-5C73-4C71-8BA6-C78C3150F4F6}.Release|Any CPU.Build.0 = Release|Any CPU
	EndGlobalSection
	GlobalSection(SolutionProperties) = preSolution
		HideSolutionNode = FALSE
	EndGlobalSection
	GlobalSection(ExtensibilityGlobals) = postSolution
		SolutionGuid = {5CFAA840-8440-4B7A-B299-717781E28B1E}
	EndGlobalSection
EndGlobal
