
Microsoft Visual Studio Solution File, Format Version 12.00
# Visual Studio Version 17
VisualStudioVersion = 17.1.32421.90
MinimumVisualStudioVersion = 10.0.40219.1
Project("{FAE04EC0-301F-11D3-BF4B-00C04F79EFBC}") = "Exception Handling", "Exception Handling\Exception Handling.csproj", "{24BAF9A2-3A9E-4DED-A532-42AEAC581183}"
EndProject
Global
	GlobalSection(SolutionConfigurationPlatforms) = preSolution
		Debug|Any CPU = Debug|Any CPU
		Release|Any CPU = Release|Any CPU
	EndGlobalSection
	GlobalSection(ProjectConfigurationPlatforms) = postSolution
		{24BAF9A2-3A9E-4DED-A532-42AEAC581183}.Debug|Any CPU.ActiveCfg = Debug|Any CPU
		{24BAF9A2-3A9E-4DED-A532-42AEAC581183}.Debug|Any CPU.Build.0 = Debug|Any CPU
		{24BAF9A2-3A9E-4DED-A532-42AEAC581183}.Release|Any CPU.ActiveCfg = Release|Any CPU
		{24BAF9A2-3A9E-4DED-A532-42AEAC581183}.Release|Any CPU.Build.0 = Release|Any CPU
	EndGlobalSection
	GlobalSection(SolutionProperties) = preSolution
		HideSolutionNode = FALSE
	EndGlobalSection
	GlobalSection(ExtensibilityGlobals) = postSolution
		SolutionGuid = {C6F857EB-105A-4993-811E-37D9397015FC}
	EndGlobalSection
EndGlobal
