
Microsoft Visual Studio Solution File, Format Version 12.00
# Visual Studio Version 17
VisualStudioVersion = 17.1.32414.318
MinimumVisualStudioVersion = 10.0.40219.1
Project("{FAE04EC0-301F-11D3-BF4B-00C04F79EFBC}") = "Switch Statement", "Switch Statement\Switch Statement.csproj", "{0307DC3E-0F3A-4980-A565-D37FC491FA5B}"
EndProject
Global
	GlobalSection(SolutionConfigurationPlatforms) = preSolution
		Debug|Any CPU = Debug|Any CPU
		Release|Any CPU = Release|Any CPU
	EndGlobalSection
	GlobalSection(ProjectConfigurationPlatforms) = postSolution
		{0307DC3E-0F3A-4980-A565-D37FC491FA5B}.Debug|Any CPU.ActiveCfg = Debug|Any CPU
		{0307DC3E-0F3A-4980-A565-D37FC491FA5B}.Debug|Any CPU.Build.0 = Debug|Any CPU
		{0307DC3E-0F3A-4980-A565-D37FC491FA5B}.Release|Any CPU.ActiveCfg = Release|Any CPU
		{0307DC3E-0F3A-4980-A565-D37FC491FA5B}.Release|Any CPU.Build.0 = Release|Any CPU
	EndGlobalSection
	GlobalSection(SolutionProperties) = preSolution
		HideSolutionNode = FALSE
	EndGlobalSection
	GlobalSection(ExtensibilityGlobals) = postSolution
		SolutionGuid = {A0CDBE78-6ACE-4B9D-A1F6-9AE20D254FA5}
	EndGlobalSection
EndGlobal
