
Microsoft Visual Studio Solution File, Format Version 12.00
# Visual Studio Version 16
VisualStudioVersion = 16.0.31410.357
MinimumVisualStudioVersion = 10.0.40219.1
Project("{FAE04EC0-301F-11D3-BF4B-00C04F79EFBC}") = "Iteration", "Iteration\Iteration.csproj", "{EC560AA7-9A17-49A7-AD7B-0273EE3670F3}"
EndProject
Global
	GlobalSection(SolutionConfigurationPlatforms) = preSolution
		Debug|Any CPU = Debug|Any CPU
		Release|Any CPU = Release|Any CPU
	EndGlobalSection
	GlobalSection(ProjectConfigurationPlatforms) = postSolution
		{EC560AA7-9A17-49A7-AD7B-0273EE3670F3}.Debug|Any CPU.ActiveCfg = Debug|Any CPU
		{EC560AA7-9A17-49A7-AD7B-0273EE3670F3}.Debug|Any CPU.Build.0 = Debug|Any CPU
		{EC560AA7-9A17-49A7-AD7B-0273EE3670F3}.Release|Any CPU.ActiveCfg = Release|Any CPU
		{EC560AA7-9A17-49A7-AD7B-0273EE3670F3}.Release|Any CPU.Build.0 = Release|Any CPU
	EndGlobalSection
	GlobalSection(SolutionProperties) = preSolution
		HideSolutionNode = FALSE
	EndGlobalSection
	GlobalSection(ExtensibilityGlobals) = postSolution
		SolutionGuid = {8F206C33-C154-4C11-9B59-29F296BA90A2}
	EndGlobalSection
EndGlobal
