
Microsoft Visual Studio Solution File, Format Version 12.00
# Visual Studio Version 16
VisualStudioVersion = 16.0.31729.503
MinimumVisualStudioVersion = 10.0.40219.1
Project("{FAE04EC0-301F-11D3-BF4B-00C04F79EFBC}") = "Exception Handling", "Exception Handling\Exception Handling.csproj", "{A0843E40-5658-4E2D-BE70-B5699A852003}"
EndProject
Global
	GlobalSection(SolutionConfigurationPlatforms) = preSolution
		Debug|Any CPU = Debug|Any CPU
		Release|Any CPU = Release|Any CPU
	EndGlobalSection
	GlobalSection(ProjectConfigurationPlatforms) = postSolution
		{A0843E40-5658-4E2D-BE70-B5699A852003}.Debug|Any CPU.ActiveCfg = Debug|Any CPU
		{A0843E40-5658-4E2D-BE70-B5699A852003}.Debug|Any CPU.Build.0 = Debug|Any CPU
		{A0843E40-5658-4E2D-BE70-B5699A852003}.Release|Any CPU.ActiveCfg = Release|Any CPU
		{A0843E40-5658-4E2D-BE70-B5699A852003}.Release|Any CPU.Build.0 = Release|Any CPU
	EndGlobalSection
	GlobalSection(SolutionProperties) = preSolution
		HideSolutionNode = FALSE
	EndGlobalSection
	GlobalSection(ExtensibilityGlobals) = postSolution
		SolutionGuid = {C53CC91A-26D4-4334-BD61-C30B2986E82D}
	EndGlobalSection
EndGlobal
